<?xml version="1.0" encoding="UTF-8"?>
<CodeBlocks_project_file>
	<FileVersion major="1" minor="6"/>
	<Project>
		<Option title="23S_CS3377_Project1"/>
		<Option makefile_is_custom="1"/>
		<Option compiler="gcc"/>
		<Option virtualFolders="CMake Files\;"/>
		<Build>
			<Target title="all">
				<Option working_dir="/Users/bharathvenkateswaran/Desktop/UTDCourses/project-1-bharathvenk/cmake-build-debug"/>
				<Option type="4"/>
				<MakeCommands>
					<Build command="/usr/bin/make -j8 -f &quot;/Users/bharathvenkateswaran/Desktop/UTDCourses/project-1-bharathvenk/cmake-build-debug/Makefile&quot;  VERBOSE=1 all"/>
					<CompileFile command="/usr/bin/make -j8 -f &quot;/Users/bharathvenkateswaran/Desktop/UTDCourses/project-1-bharathvenk/cmake-build-debug/Makefile&quot;  VERBOSE=1 &quot;$file&quot;"/>
					<Clean command="/usr/bin/make -j8 -f &quot;/Users/bharathvenkateswaran/Desktop/UTDCourses/project-1-bharathvenk/cmake-build-debug/Makefile&quot;  VERBOSE=1 clean"/>
					<DistClean command="/usr/bin/make -j8 -f &quot;/Users/bharathvenkateswaran/Desktop/UTDCourses/project-1-bharathvenk/cmake-build-debug/Makefile&quot;  VERBOSE=1 clean"/>
				</MakeCommands>
			</Target>
			<Target title="21S_CS3377_Project">
				<Option output="/Users/bharathvenkateswaran/Desktop/UTDCourses/project-1-bharathvenk/cmake-build-debug/21S_CS3377_Project" prefix_auto="0" extension_auto="0"/>
				<Option working_dir="/Users/bharathvenkateswaran/Desktop/UTDCourses/project-1-bharathvenk/cmake-build-debug"/>
				<Option object_output="./"/>
				<Option type="1"/>
				<Option compiler="gcc"/>
				<Compiler>
					<Add directory="/usr/local/include"/>
					<Add directory="/Library/Developer/CommandLineTools/SDKs/MacOSX.sdk/usr/include/c++/v1"/>
					<Add directory="/Library/Developer/CommandLineTools/usr/lib/clang/13.1.6/include"/>
					<Add directory="/Library/Developer/CommandLineTools/SDKs/MacOSX.sdk/usr/include"/>
					<Add directory="/Library/Developer/CommandLineTools/usr/include"/>
					<Add directory="/Library/Developer/CommandLineTools/SDKs/MacOSX.sdk/System/Library/Frameworks"/>
					<Add directory="/System/Library/Frameworks"/>
					<Add directory="/Library/Frameworks"/>
				</Compiler>
				<MakeCommands>
					<Build command="/usr/bin/make -j8 -f &quot;/Users/bharathvenkateswaran/Desktop/UTDCourses/project-1-bharathvenk/cmake-build-debug/Makefile&quot;  VERBOSE=1 21S_CS3377_Project"/>
					<CompileFile command="/usr/bin/make -j8 -f &quot;/Users/bharathvenkateswaran/Desktop/UTDCourses/project-1-bharathvenk/cmake-build-debug/Makefile&quot;  VERBOSE=1 &quot;$file&quot;"/>
					<Clean command="/usr/bin/make -j8 -f &quot;/Users/bharathvenkateswaran/Desktop/UTDCourses/project-1-bharathvenk/cmake-build-debug/Makefile&quot;  VERBOSE=1 clean"/>
					<DistClean command="/usr/bin/make -j8 -f &quot;/Users/bharathvenkateswaran/Desktop/UTDCourses/project-1-bharathvenk/cmake-build-debug/Makefile&quot;  VERBOSE=1 clean"/>
				</MakeCommands>
			</Target>
			<Target title="21S_CS3377_Project/fast">
				<Option output="/Users/bharathvenkateswaran/Desktop/UTDCourses/project-1-bharathvenk/cmake-build-debug/21S_CS3377_Project" prefix_auto="0" extension_auto="0"/>
				<Option working_dir="/Users/bharathvenkateswaran/Desktop/UTDCourses/project-1-bharathvenk/cmake-build-debug"/>
				<Option object_output="./"/>
				<Option type="1"/>
				<Option compiler="gcc"/>
				<Compiler>
					<Add directory="/usr/local/include"/>
					<Add directory="/Library/Developer/CommandLineTools/SDKs/MacOSX.sdk/usr/include/c++/v1"/>
					<Add directory="/Library/Developer/CommandLineTools/usr/lib/clang/13.1.6/include"/>
					<Add directory="/Library/Developer/CommandLineTools/SDKs/MacOSX.sdk/usr/include"/>
					<Add directory="/Library/Developer/CommandLineTools/usr/include"/>
					<Add directory="/Library/Developer/CommandLineTools/SDKs/MacOSX.sdk/System/Library/Frameworks"/>
					<Add directory="/System/Library/Frameworks"/>
					<Add directory="/Library/Frameworks"/>
				</Compiler>
				<MakeCommands>
					<Build command="/usr/bin/make -j8 -f &quot;/Users/bharathvenkateswaran/Desktop/UTDCourses/project-1-bharathvenk/cmake-build-debug/Makefile&quot;  VERBOSE=1 21S_CS3377_Project/fast"/>
					<CompileFile command="/usr/bin/make -j8 -f &quot;/Users/bharathvenkateswaran/Desktop/UTDCourses/project-1-bharathvenk/cmake-build-debug/Makefile&quot;  VERBOSE=1 &quot;$file&quot;"/>
					<Clean command="/usr/bin/make -j8 -f &quot;/Users/bharathvenkateswaran/Desktop/UTDCourses/project-1-bharathvenk/cmake-build-debug/Makefile&quot;  VERBOSE=1 clean"/>
					<DistClean command="/usr/bin/make -j8 -f &quot;/Users/bharathvenkateswaran/Desktop/UTDCourses/project-1-bharathvenk/cmake-build-debug/Makefile&quot;  VERBOSE=1 clean"/>
				</MakeCommands>
			</Target>
			<Target title="edit_cache">
				<Option working_dir="/Users/bharathvenkateswaran/Desktop/UTDCourses/project-1-bharathvenk/cmake-build-debug"/>
				<Option type="4"/>
				<MakeCommands>
					<Build command="/usr/bin/make -j8 -f &quot;/Users/bharathvenkateswaran/Desktop/UTDCourses/project-1-bharathvenk/cmake-build-debug/Makefile&quot;  VERBOSE=1 edit_cache"/>
					<CompileFile command="/usr/bin/make -j8 -f &quot;/Users/bharathvenkateswaran/Desktop/UTDCourses/project-1-bharathvenk/cmake-build-debug/Makefile&quot;  VERBOSE=1 &quot;$file&quot;"/>
					<Clean command="/usr/bin/make -j8 -f &quot;/Users/bharathvenkateswaran/Desktop/UTDCourses/project-1-bharathvenk/cmake-build-debug/Makefile&quot;  VERBOSE=1 clean"/>
					<DistClean command="/usr/bin/make -j8 -f &quot;/Users/bharathvenkateswaran/Desktop/UTDCourses/project-1-bharathvenk/cmake-build-debug/Makefile&quot;  VERBOSE=1 clean"/>
				</MakeCommands>
			</Target>
			<Target title="rebuild_cache">
				<Option working_dir="/Users/bharathvenkateswaran/Desktop/UTDCourses/project-1-bharathvenk/cmake-build-debug"/>
				<Option type="4"/>
				<MakeCommands>
					<Build command="/usr/bin/make -j8 -f &quot;/Users/bharathvenkateswaran/Desktop/UTDCourses/project-1-bharathvenk/cmake-build-debug/Makefile&quot;  VERBOSE=1 rebuild_cache"/>
					<CompileFile command="/usr/bin/make -j8 -f &quot;/Users/bharathvenkateswaran/Desktop/UTDCourses/project-1-bharathvenk/cmake-build-debug/Makefile&quot;  VERBOSE=1 &quot;$file&quot;"/>
					<Clean command="/usr/bin/make -j8 -f &quot;/Users/bharathvenkateswaran/Desktop/UTDCourses/project-1-bharathvenk/cmake-build-debug/Makefile&quot;  VERBOSE=1 clean"/>
					<DistClean command="/usr/bin/make -j8 -f &quot;/Users/bharathvenkateswaran/Desktop/UTDCourses/project-1-bharathvenk/cmake-build-debug/Makefile&quot;  VERBOSE=1 clean"/>
				</MakeCommands>
			</Target>
		</Build>
		<Unit filename="/Users/bharathvenkateswaran/Desktop/UTDCourses/project-1-bharathvenk/FileChecker.cpp">
			<Option target="21S_CS3377_Project"/>
		</Unit>
		<Unit filename="/Users/bharathvenkateswaran/Desktop/UTDCourses/project-1-bharathvenk/FileChecker.h">
			<Option target="21S_CS3377_Project"/>
		</Unit>
		<Unit filename="/Users/bharathvenkateswaran/Desktop/UTDCourses/project-1-bharathvenk/FileModifyException.h">
			<Option target="21S_CS3377_Project"/>
		</Unit>
		<Unit filename="/Users/bharathvenkateswaran/Desktop/UTDCourses/project-1-bharathvenk/Project1SimpleFileModifier.cpp">
			<Option target="21S_CS3377_Project"/>
		</Unit>
		<Unit filename="/Users/bharathvenkateswaran/Desktop/UTDCourses/project-1-bharathvenk/Project1SimpleFileModifier.h">
			<Option target="21S_CS3377_Project"/>
		</Unit>
		<Unit filename="/Users/bharathvenkateswaran/Desktop/UTDCourses/project-1-bharathvenk/Util.cpp">
			<Option target="21S_CS3377_Project"/>
		</Unit>
		<Unit filename="/Users/bharathvenkateswaran/Desktop/UTDCourses/project-1-bharathvenk/Util.h">
			<Option target="21S_CS3377_Project"/>
		</Unit>
		<Unit filename="/Users/bharathvenkateswaran/Desktop/UTDCourses/project-1-bharathvenk/main.cpp">
			<Option target="21S_CS3377_Project"/>
		</Unit>
		<Unit filename="/Users/bharathvenkateswaran/Desktop/UTDCourses/project-1-bharathvenk/CMakeLists.txt">
			<Option virtualFolder="CMake Files\"/>
		</Unit>
	</Project>
</CodeBlocks_project_file>
